// !$*UTF8*$!
{
	archiveVersion = 1;
	classes = {
	};
	objectVersion = 50;
	objects = {

/* Begin PBXBuildFile section */
		05393D2325CED9A100DCF0A9 /* AppDelegate.swift in Sources */ = {isa = PBXBuildFile; fileRef = 05393D2225CED9A100DCF0A9 /* AppDelegate.swift */; };
		05393D2525CED9A100DCF0A9 /* SceneDelegate.swift in Sources */ = {isa = PBXBuildFile; fileRef = 05393D2425CED9A100DCF0A9 /* SceneDelegate.swift */; };
		05393D2725CED9A100DCF0A9 /* ViewController.swift in Sources */ = {isa = PBXBuildFile; fileRef = 05393D2625CED9A100DCF0A9 /* ViewController.swift */; };
		05393D2A25CED9A100DCF0A9 /* Main.storyboard in Resources */ = {isa = PBXBuildFile; fileRef = 05393D2825CED9A100DCF0A9 /* Main.storyboard */; };
		05393D2C25CED9A100DCF0A9 /* Assets.xcassets in Resources */ = {isa = PBXBuildFile; fileRef = 05393D2B25CED9A100DCF0A9 /* Assets.xcassets */; };
		05393D2F25CED9A200DCF0A9 /* LaunchScreen.storyboard in Resources */ = {isa = PBXBuildFile; fileRef = 05393D2D25CED9A100DCF0A9 /* LaunchScreen.storyboard */; };
		05393D3A25CED9A200DCF0A9 /* FoodTrackerTests.swift in Sources */ = {isa = PBXBuildFile; fileRef = 05393D3925CED9A200DCF0A9 /* FoodTrackerTests.swift */; };
		05393D4525CED9A200DCF0A9 /* FoodTrackerUITests.swift in Sources */ = {isa = PBXBuildFile; fileRef = 05393D4425CED9A200DCF0A9 /* FoodTrackerUITests.swift */; };
		05393D5925CEFEA300DCF0A9 /* RatingControl.swift in Sources */ = {isa = PBXBuildFile; fileRef = 05393D5825CEFEA300DCF0A9 /* RatingControl.swift */; };
/* End PBXBuildFile section */

/* Begin PBXContainerItemProxy section */
		05393D3625CED9A200DCF0A9 /* PBXContainerItemProxy */ = {
			isa = PBXContainerItemProxy;
			containerPortal = 05393D1725CED9A100DCF0A9 /* Project object */;
			proxyType = 1;
			remoteGlobalIDString = 05393D1E25CED9A100DCF0A9;
			remoteInfo = FoodTracker;
		};
		05393D4125CED9A200DCF0A9 /* PBXContainerItemProxy */ = {
			isa = PBXContainerItemProxy;
			containerPortal = 05393D1725CED9A100DCF0A9 /* Project object */;
			proxyType = 1;
			remoteGlobalIDString = 05393D1E25CED9A100DCF0A9;
			remoteInfo = FoodTracker;
		};
/* End PBXContainerItemProxy section */

/* Begin PBXFileReference section */
		05393D1F25CED9A100DCF0A9 /* FoodTracker.app */ = {isa = PBXFileReference; explicitFileType = wrapper.application; includeInIndex = 0; path = FoodTracker.app; sourceTree = BUILT_PRODUCTS_DIR; };
		05393D2225CED9A100DCF0A9 /* AppDelegate.swift */ = {isa = PBXFileReference; lastKnownFileType = sourcecode.swift; path = AppDelegate.swift; sourceTree = "<group>"; };
		05393D2425CED9A100DCF0A9 /* SceneDelegate.swift */ = {isa = PBXFileReference; lastKnownFileType = sourcecode.swift; path = SceneDelegate.swift; sourceTree = "<group>"; };
		05393D2625CED9A100DCF0A9 /* ViewController.swift */ = {isa = PBXFileReference; lastKnownFileType = sourcecode.swift; path = ViewController.swift; sourceTree = "<group>"; };
		05393D2925CED9A100DCF0A9 /* Base */ = {isa = PBXFileReference; lastKnownFileType = file.storyboard; name = Base; path = Base.lproj/Main.storyboard; sourceTree = "<group>"; };
		05393D2B25CED9A100DCF0A9 /* Assets.xcassets */ = {isa = PBXFileReference; lastKnownFileType = folder.assetcatalog; path = Assets.xcassets; sourceTree = "<group>"; };
		05393D2E25CED9A100DCF0A9 /* Base */ = {isa = PBXFileReference; lastKnownFileType = file.storyboard; name = Base; path = Base.lproj/LaunchScreen.storyboard; sourceTree = "<group>"; };
		05393D3025CED9A200DCF0A9 /* Info.plist */ = {isa = PBXFileReference; lastKnownFileType = text.plist.xml; path = Info.plist; sourceTree = "<group>"; };
		05393D3525CED9A200DCF0A9 /* FoodTrackerTests.xctest */ = {isa = PBXFileReference; explicitFileType = wrapper.cfbundle; includeInIndex = 0; path = FoodTrackerTests.xctest; sourceTree = BUILT_PRODUCTS_DIR; };
		05393D3925CED9A200DCF0A9 /* FoodTrackerTests.swift */ = {isa = PBXFileReference; lastKnownFileType = sourcecode.swift; path = FoodTrackerTests.swift; sourceTree = "<group>"; };
		05393D3B25CED9A200DCF0A9 /* Info.plist */ = {isa = PBXFileReference; lastKnownFileType = text.plist.xml; path = Info.plist; sourceTree = "<group>"; };
		05393D4025CED9A200DCF0A9 /* FoodTrackerUITests.xctest */ = {isa = PBXFileReference; explicitFileType = wrapper.cfbundle; includeInIndex = 0; path = FoodTrackerUITests.xctest; sourceTree = BUILT_PRODUCTS_DIR; };
		05393D4425CED9A200DCF0A9 /* FoodTrackerUITests.swift */ = {isa = PBXFileReference; lastKnownFileType = sourcecode.swift; path = FoodTrackerUITests.swift; sourceTree = "<group>"; };
		05393D4625CED9A200DCF0A9 /* Info.plist */ = {isa = PBXFileReference; lastKnownFileType = text.plist.xml; path = Info.plist; sourceTree = "<group>"; };
		05393D5825CEFEA300DCF0A9 /* RatingControl.swift */ = {isa = PBXFileReference; lastKnownFileType = sourcecode.swift; path = RatingControl.swift; sourceTree = "<group>"; };
/* End PBXFileReference section */

/* Begin PBXFrameworksBuildPhase section */
		05393D1C25CED9A100DCF0A9 /* Frameworks */ = {
			isa = PBXFrameworksBuildPhase;
			buildActionMask = 2147483647;
			files = (
			);
			runOnlyForDeploymentPostprocessing = 0;
		};
		05393D3225CED9A200DCF0A9 /* Frameworks */ = {
			isa = PBXFrameworksBuildPhase;
			buildActionMask = 2147483647;
			files = (
			);
			runOnlyForDeploymentPostprocessing = 0;
		};
		05393D3D25CED9A200DCF0A9 /* Frameworks */ = {
			isa = PBXFrameworksBuildPhase;
			buildActionMask = 2147483647;
			files = (
			);
			runOnlyForDeploymentPostprocessing = 0;
		};
/* End PBXFrameworksBuildPhase section */

/* Begin PBXGroup section */
		05393D1625CED9A100DCF0A9 = {
			isa = PBXGroup;
			children = (
				05393D2125CED9A100DCF0A9 /* FoodTracker */,
				05393D3825CED9A200DCF0A9 /* FoodTrackerTests */,
				05393D4325CED9A200DCF0A9 /* FoodTrackerUITests */,
				05393D2025CED9A100DCF0A9 /* Products */,
			);
			sourceTree = "<group>";
		};
		05393D2025CED9A100DCF0A9 /* Products */ = {
			isa = PBXGroup;
			children = (
				05393D1F25CED9A100DCF0A9 /* FoodTracker.app */,
				05393D3525CED9A200DCF0A9 /* FoodTrackerTests.xctest */,
				05393D4025CED9A200DCF0A9 /* FoodTrackerUITests.xctest */,
			);
			name = Products;
			sourceTree = "<group>";
		};
		05393D2125CED9A100DCF0A9 /* FoodTracker */ = {
			isa = PBXGroup;
			children = (
				05393D2225CED9A100DCF0A9 /* AppDelegate.swift */,
				05393D2425CED9A100DCF0A9 /* SceneDelegate.swift */,
				05393D2625CED9A100DCF0A9 /* ViewController.swift */,
				05393D5825CEFEA300DCF0A9 /* RatingControl.swift */,
				05393D2825CED9A100DCF0A9 /* Main.storyboard */,
				05393D2B25CED9A100DCF0A9 /* Assets.xcassets */,
				05393D2D25CED9A100DCF0A9 /* LaunchScreen.storyboard */,
				05393D3025CED9A200DCF0A9 /* Info.plist */,
			);
			path = FoodTracker;
			sourceTree = "<group>";
		};
		05393D3825CED9A200DCF0A9 /* FoodTrackerTests */ = {
			isa = PBXGroup;
			children = (
				05393D3925CED9A200DCF0A9 /* FoodTrackerTests.swift */,
				05393D3B25CED9A200DCF0A9 /* Info.plist */,
			);
			path = FoodTrackerTests;
			sourceTree = "<group>";
		};
		05393D4325CED9A200DCF0A9 /* FoodTrackerUITests */ = {
			isa = PBXGroup;
			children = (
				05393D4425CED9A200DCF0A9 /* FoodTrackerUITests.swift */,
				05393D4625CED9A200DCF0A9 /* Info.plist */,
			);
			path = FoodTrackerUITests;
			sourceTree = "<group>";
		};
/* End PBXGroup section */

/* Begin PBXNativeTarget section */
		05393D1E25CED9A100DCF0A9 /* FoodTracker */ = {
			isa = PBXNativeTarget;
			buildConfigurationList = 05393D4925CED9A200DCF0A9 /* Build configuration list for PBXNativeTarget "FoodTracker" */;
			buildPhases = (
				05393D1B25CED9A100DCF0A9 /* Sources */,
				05393D1C25CED9A100DCF0A9 /* Frameworks */,
				05393D1D25CED9A100DCF0A9 /* Resources */,
			);
			buildRules = (
			);
			dependencies = (
			);
			name = FoodTracker;
			productName = FoodTracker;
			productReference = 05393D1F25CED9A100DCF0A9 /* FoodTracker.app */;
			productType = "com.apple.product-type.application";
		};
		05393D3425CED9A200DCF0A9 /* FoodTrackerTests */ = {
			isa = PBXNativeTarget;
			buildConfigurationList = 05393D4C25CED9A200DCF0A9 /* Build configuration list for PBXNativeTarget "FoodTrackerTests" */;
			buildPhases = (
				05393D3125CED9A200DCF0A9 /* Sources */,
				05393D3225CED9A200DCF0A9 /* Frameworks */,
				05393D3325CED9A200DCF0A9 /* Resources */,
			);
			buildRules = (
			);
			dependencies = (
				05393D3725CED9A200DCF0A9 /* PBXTargetDependency */,
			);
			name = FoodTrackerTests;
			productName = FoodTrackerTests;
			productReference = 05393D3525CED9A200DCF0A9 /* FoodTrackerTests.xctest */;
			productType = "com.apple.product-type.bundle.unit-test";
		};
		05393D3F25CED9A200DCF0A9 /* FoodTrackerUITests */ = {
			isa = PBXNativeTarget;
			buildConfigurationList = 05393D4F25CED9A200DCF0A9 /* Build configuration list for PBXNativeTarget "FoodTrackerUITests" */;
			buildPhases = (
				05393D3C25CED9A200DCF0A9 /* Sources */,
				05393D3D25CED9A200DCF0A9 /* Frameworks */,
				05393D3E25CED9A200DCF0A9 /* Resources */,
			);
			buildRules = (
			);
			dependencies = (
				05393D4225CED9A200DCF0A9 /* PBXTargetDependency */,
			);
			name = FoodTrackerUITests;
			productName = FoodTrackerUITests;
			productReference = 05393D4025CED9A200DCF0A9 /* FoodTrackerUITests.xctest */;
			productType = "com.apple.product-type.bundle.ui-testing";
		};
/* End PBXNativeTarget section */

/* Begin PBXProject section */
		05393D1725CED9A100DCF0A9 /* Project object */ = {
			isa = PBXProject;
			attributes = {
				LastSwiftUpdateCheck = 1220;
				LastUpgradeCheck = 1220;
				TargetAttributes = {
					05393D1E25CED9A100DCF0A9 = {
						CreatedOnToolsVersion = 12.2;
					};
					05393D3425CED9A200DCF0A9 = {
						CreatedOnToolsVersion = 12.2;
						TestTargetID = 05393D1E25CED9A100DCF0A9;
					};
					05393D3F25CED9A200DCF0A9 = {
						CreatedOnToolsVersion = 12.2;
						TestTargetID = 05393D1E25CED9A100DCF0A9;
					};
				};
			};
			buildConfigurationList = 05393D1A25CED9A100DCF0A9 /* Build configuration list for PBXProject "FoodTracker" */;
			compatibilityVersion = "Xcode 9.3";
			developmentRegion = en;
			hasScannedForEncodings = 0;
			knownRegions = (
				en,
				Base,
			);
			mainGroup = 05393D1625CED9A100DCF0A9;
			productRefGroup = 05393D2025CED9A100DCF0A9 /* Products */;
			projectDirPath = "";
			projectRoot = "";
			targets = (
				05393D1E25CED9A100DCF0A9 /* FoodTracker */,
				05393D3425CED9A200DCF0A9 /* FoodTrackerTests */,
				05393D3F25CED9A200DCF0A9 /* FoodTrackerUITests */,
			);
		};
/* End PBXProject section */

/* Begin PBXResourcesBuildPhase section */
		05393D1D25CED9A100DCF0A9 /* Resources */ = {
			isa = PBXResourcesBuildPhase;
			buildActionMask = 2147483647;
			files = (
				05393D2F25CED9A200DCF0A9 /* LaunchScreen.storyboard in Resources */,
				05393D2C25CED9A100DCF0A9 /* Assets.xcassets in Resources */,
				05393D2A25CED9A100DCF0A9 /* Main.storyboard in Resources */,
			);
			runOnlyForDeploymentPostprocessing = 0;
		};
		05393D3325CED9A200DCF0A9 /* Resources */ = {
			isa = PBXResourcesBuildPhase;
			buildActionMask = 2147483647;
			files = (
			);
			runOnlyForDeploymentPostprocessing = 0;
		};
		05393D3E25CED9A200DCF0A9 /* Resources */ = {
			isa = PBXResourcesBuildPhase;
			buildActionMask = 2147483647;
			files = (
			);
			runOnlyForDeploymentPostprocessing = 0;
		};
/* End PBXResourcesBuildPhase section */

/* Begin PBXSourcesBuildPhase section */
		05393D1B25CED9A100DCF0A9 /* Sources */ = {
			isa = PBXSourcesBuildPhase;
			buildActionMask = 2147483647;
			files = (
				05393D5925CEFEA300DCF0A9 /* RatingControl.swift in Sources */,
				05393D2725CED9A100DCF0A9 /* ViewController.swift in Sources */,
				05393D2325CED9A100DCF0A9 /* AppDelegate.swift in Sources */,
				05393D2525CED9A100DCF0A9 /* SceneDelegate.swift in Sources */,
			);
			runOnlyForDeploymentPostprocessing = 0;
		};
		05393D3125CED9A200DCF0A9 /* Sources */ = {
			isa = PBXSourcesBuildPhase;
			buildActionMask = 2147483647;
			files = (
				05393D3A25CED9A200DCF0A9 /* FoodTrackerTests.swift in Sources */,
			);
			runOnlyForDeploymentPostprocessing = 0;
		};
		05393D3C25CED9A200DCF0A9 /* Sources */ = {
			isa = PBXSourcesBuildPhase;
			buildActionMask = 2147483647;
			files = (
				05393D4525CED9A200DCF0A9 /* FoodTrackerUITests.swift in Sources */,
			);
			runOnlyForDeploymentPostprocessing = 0;
		};
/* End PBXSourcesBuildPhase section */

/* Begin PBXTargetDependency section */
		05393D3725CED9A200DCF0A9 /* PBXTargetDependency */ = {
			isa = PBXTargetDependency;
			target = 05393D1E25CED9A100DCF0A9 /* FoodTracker */;
			targetProxy = 05393D3625CED9A200DCF0A9 /* PBXContainerItemProxy */;
		};
		05393D4225CED9A200DCF0A9 /* PBXTargetDependency */ = {
			isa = PBXTargetDependency;
			target = 05393D1E25CED9A100DCF0A9 /* FoodTracker */;
			targetProxy = 05393D4125CED9A200DCF0A9 /* PBXContainerItemProxy */;
		};
/* End PBXTargetDependency section */

/* Begin PBXVariantGroup section */
		05393D2825CED9A100DCF0A9 /* Main.storyboard */ = {
			isa = PBXVariantGroup;
			children = (
				05393D2925CED9A100DCF0A9 /* Base */,
			);
			name = Main.storyboard;
			sourceTree = "<group>";
		};
		05393D2D25CED9A100DCF0A9 /* LaunchScreen.storyboard */ = {
			isa = PBXVariantGroup;
			children = (
				05393D2E25CED9A100DCF0A9 /* Base */,
			);
			name = LaunchScreen.storyboard;
			sourceTree = "<group>";
		};
/* End PBXVariantGroup section */

/* Begin XCBuildConfiguration section */
		05393D4725CED9A200DCF0A9 /* Debug */ = {
			isa = XCBuildConfiguration;
			buildSettings = {
				ALWAYS_SEARCH_USER_PATHS = NO;
				CLANG_ANALYZER_NONNULL = YES;
				CLANG_ANALYZER_NUMBER_OBJECT_CONVERSION = YES_AGGRESSIVE;
				CLANG_CXX_LANGUAGE_STANDARD = "gnu++14";
				CLANG_CXX_LIBRARY = "libc++";
				CLANG_ENABLE_MODULES = YES;
				CLANG_ENABLE_OBJC_ARC = YES;
				CLANG_ENABLE_OBJC_WEAK = YES;
				CLANG_WARN_BLOCK_CAPTURE_AUTORELEASING = YES;
				CLANG_WARN_BOOL_CONVERSION = YES;
				CLANG_WARN_COMMA = YES;
				CLANG_WARN_CONSTANT_CONVERSION = YES;
				CLANG_WARN_DEPRECATED_OBJC_IMPLEMENTATIONS = YES;
				CLANG_WARN_DIRECT_OBJC_ISA_USAGE = YES_ERROR;
				CLANG_WARN_DOCUMENTATION_COMMENTS = YES;
				CLANG_WARN_EMPTY_BODY = YES;
				CLANG_WARN_ENUM_CONVERSION = YES;
				CLANG_WARN_INFINITE_RECURSION = YES;
				CLANG_WARN_INT_CONVERSION = YES;
				CLANG_WARN_NON_LITERAL_NULL_CONVERSION = YES;
				CLANG_WARN_OBJC_IMPLICIT_RETAIN_SELF = YES;
				CLANG_WARN_OBJC_LITERAL_CONVERSION = YES;
				CLANG_WARN_OBJC_ROOT_CLASS = YES_ERROR;
				CLANG_WARN_QUOTED_INCLUDE_IN_FRAMEWORK_HEADER = YES;
				CLANG_WARN_RANGE_LOOP_ANALYSIS = YES;
				CLANG_WARN_STRICT_PROTOTYPES = YES;
				CLANG_WARN_SUSPICIOUS_MOVE = YES;
				CLANG_WARN_UNGUARDED_AVAILABILITY = YES_AGGRESSIVE;
				CLANG_WARN_UNREACHABLE_CODE = YES;
				CLANG_WARN__DUPLICATE_METHOD_MATCH = YES;
				COPY_PHASE_STRIP = NO;
				DEBUG_INFORMATION_FORMAT = dwarf;
				ENABLE_STRICT_OBJC_MSGSEND = YES;
				ENABLE_TESTABILITY = YES;
				GCC_C_LANGUAGE_STANDARD = gnu11;
				GCC_DYNAMIC_NO_PIC = NO;
				GCC_NO_COMMON_BLOCKS = YES;
				GCC_OPTIMIZATION_LEVEL = 0;
				GCC_PREPROCESSOR_DEFINITIONS = (
					"DEBUG=1",
					"$(inherited)",
				);
				GCC_WARN_64_TO_32_BIT_CONVERSION = YES;
				GCC_WARN_ABOUT_RETURN_TYPE = YES_ERROR;
				GCC_WARN_UNDECLARED_SELECTOR = YES;
				GCC_WARN_UNINITIALIZED_AUTOS = YES_AGGRESSIVE;
				GCC_WARN_UNUSED_FUNCTION = YES;
				GCC_WARN_UNUSED_VARIABLE = YES;
				IPHONEOS_DEPLOYMENT_TARGET = 14.2;
				MTL_ENABLE_DEBUG_INFO = INCLUDE_SOURCE;
				MTL_FAST_MATH = YES;
				ONLY_ACTIVE_ARCH = YES;
				SDKROOT = iphoneos;
				SWIFT_ACTIVE_COMPILATION_CONDITIONS = DEBUG;
				SWIFT_OPTIMIZATION_LEVEL = "-Onone";
			};
			name = Debug;
		};
		05393D4825CED9A200DCF0A9 /* Release */ = {
			isa = XCBuildConfiguration;
			buildSettings = {
				ALWAYS_SEARCH_USER_PATHS = NO;
				CLANG_ANALYZER_NONNULL = YES;
				CLANG_ANALYZER_NUMBER_OBJECT_CONVERSION = YES_AGGRESSIVE;
				CLANG_CXX_LANGUAGE_STANDARD = "gnu++14";
				CLANG_CXX_LIBRARY = "libc++";
				CLANG_ENABLE_MODULES = YES;
				CLANG_ENABLE_OBJC_ARC = YES;
				CLANG_ENABLE_OBJC_WEAK = YES;
				CLANG_WARN_BLOCK_CAPTURE_AUTORELEASING = YES;
				CLANG_WARN_BOOL_CONVERSION = YES;
				CLANG_WARN_COMMA = YES;
				CLANG_WARN_CONSTANT_CONVERSION = YES;
				CLANG_WARN_DEPRECATED_OBJC_IMPLEMENTATIONS = YES;
				CLANG_WARN_DIRECT_OBJC_ISA_USAGE = YES_ERROR;
				CLANG_WARN_DOCUMENTATION_COMMENTS = YES;
				CLANG_WARN_EMPTY_BODY = YES;
				CLANG_WARN_ENUM_CONVERSION = YES;
				CLANG_WARN_INFINITE_RECURSION = YES;
				CLANG_WARN_INT_CONVERSION = YES;
				CLANG_WARN_NON_LITERAL_NULL_CONVERSION = YES;
				CLANG_WARN_OBJC_IMPLICIT_RETAIN_SELF = YES;
				CLANG_WARN_OBJC_LITERAL_CONVERSION = YES;
				CLANG_WARN_OBJC_ROOT_CLASS = YES_ERROR;
				CLANG_WARN_QUOTED_INCLUDE_IN_FRAMEWORK_HEADER = YES;
				CLANG_WARN_RANGE_LOOP_ANALYSIS = YES;
				CLANG_WARN_STRICT_PROTOTYPES = YES;
				CLANG_WARN_SUSPICIOUS_MOVE = YES;
				CLANG_WARN_UNGUARDED_AVAILABILITY = YES_AGGRESSIVE;
				CLANG_WARN_UNREACHABLE_CODE = YES;
				CLANG_WARN__DUPLICATE_METHOD_MATCH = YES;
				COPY_PHASE_STRIP = NO;
				DEBUG_INFORMATION_FORMAT = "dwarf-with-dsym";
				ENABLE_NS_ASSERTIONS = NO;
				ENABLE_STRICT_OBJC_MSGSEND = YES;
				GCC_C_LANGUAGE_STANDARD = gnu11;
				GCC_NO_COMMON_BLOCKS = YES;
				GCC_WARN_64_TO_32_BIT_CONVERSION = YES;
				GCC_WARN_ABOUT_RETURN_TYPE = YES_ERROR;
				GCC_WARN_UNDECLARED_SELECTOR = YES;
				GCC_WARN_UNINITIALIZED_AUTOS = YES_AGGRESSIVE;
				GCC_WARN_UNUSED_FUNCTION = YES;
				GCC_WARN_UNUSED_VARIABLE = YES;
				IPHONEOS_DEPLOYMENT_TARGET = 14.2;
				MTL_ENABLE_DEBUG_INFO = NO;
				MTL_FAST_MATH = YES;
				SDKROOT = iphoneos;
				SWIFT_COMPILATION_MODE = wholemodule;
				SWIFT_OPTIMIZATION_LEVEL = "-O";
				VALIDATE_PRODUCT = YES;
			};
			name = Release;
		};
		05393D4A25CED9A200DCF0A9 /* Debug */ = {
			isa = XCBuildConfiguration;
			buildSettings = {
				ASSETCATALOG_COMPILER_APPICON_NAME = AppIcon;
				ASSETCATALOG_COMPILER_GLOBAL_ACCENT_COLOR_NAME = AccentColor;
				CODE_SIGN_STYLE = Automatic;
				INFOPLIST_FILE = FoodTracker/Info.plist;
				LD_RUNPATH_SEARCH_PATHS = (
					"$(inherited)",
					"@executable_path/Frameworks",
				);
				PRODUCT_BUNDLE_IDENTIFIER = com.twttrio.FoodTracker;
				PRODUCT_NAME = "$(TARGET_NAME)";
				SWIFT_VERSION = 5.0;
				TARGETED_DEVICE_FAMILY = "1,2";
			};
			name = Debug;
		};
		05393D4B25CED9A200DCF0A9 /* Release */ = {
			isa = XCBuildConfiguration;
			buildSettings = {
				ASSETCATALOG_COMPILER_APPICON_NAME = AppIcon;
				ASSETCATALOG_COMPILER_GLOBAL_ACCENT_COLOR_NAME = AccentColor;
				CODE_SIGN_STYLE = Automatic;
				INFOPLIST_FILE = FoodTracker/Info.plist;
				LD_RUNPATH_SEARCH_PATHS = (
					"$(inherited)",
					"@executable_path/Frameworks",
				);
				PRODUCT_BUNDLE_IDENTIFIER = com.twttrio.FoodTracker;
				PRODUCT_NAME = "$(TARGET_NAME)";
				SWIFT_VERSION = 5.0;
				TARGETED_DEVICE_FAMILY = "1,2";
			};
			name = Release;
		};
		05393D4D25CED9A200DCF0A9 /* Debug */ = {
			isa = XCBuildConfiguration;
			buildSettings = {
				ALWAYS_EMBED_SWIFT_STANDARD_LIBRARIES = YES;
				BUNDLE_LOADER = "$(TEST_HOST)";
				CODE_SIGN_STYLE = Automatic;
				INFOPLIST_FILE = FoodTrackerTests/Info.plist;
				IPHONEOS_DEPLOYMENT_TARGET = 14.2;
				LD_RUNPATH_SEARCH_PATHS = (
					"$(inherited)",
					"@executable_path/Frameworks",
					"@loader_path/Frameworks",
				);
				PRODUCT_BUNDLE_IDENTIFIER = com.twttrio.FoodTrackerTests;
				PRODUCT_NAME = "$(TARGET_NAME)";
				SWIFT_VERSION = 5.0;
				TARGETED_DEVICE_FAMILY = "1,2";
				TEST_HOST = "$(BUILT_PRODUCTS_DIR)/FoodTracker.app/FoodTracker";
			};
			name = Debug;
		};
		05393D4E25CED9A200DCF0A9 /* Release */ = {
			isa = XCBuildConfiguration;
			buildSettings = {
				ALWAYS_EMBED_SWIFT_STANDARD_LIBRARIES = YES;
				BUNDLE_LOADER = "$(TEST_HOST)";
				CODE_SIGN_STYLE = Automatic;
				INFOPLIST_FILE = FoodTrackerTests/Info.plist;
				IPHONEOS_DEPLOYMENT_TARGET = 14.2;
				LD_RUNPATH_SEARCH_PATHS = (
					"$(inherited)",
					"@executable_path/Frameworks",
					"@loader_path/Frameworks",
				);
				PRODUCT_BUNDLE_IDENTIFIER = com.twttrio.FoodTrackerTests;
				PRODUCT_NAME = "$(TARGET_NAME)";
				SWIFT_VERSION = 5.0;
				TARGETED_DEVICE_FAMILY = "1,2";
				TEST_HOST = "$(BUILT_PRODUCTS_DIR)/FoodTracker.app/FoodTracker";
			};
			name = Release;
		};
		05393D5025CED9A200DCF0A9 /* Debug */ = {
			isa = XCBuildConfiguration;
			buildSettings = {
				ALWAYS_EMBED_SWIFT_STANDARD_LIBRARIES = YES;
				CODE_SIGN_STYLE = Automatic;
				INFOPLIST_FILE = FoodTrackerUITests/Info.plist;
				LD_RUNPATH_SEARCH_PATHS = (
					"$(inherited)",
					"@executable_path/Frameworks",
					"@loader_path/Frameworks",
				);
				PRODUCT_BUNDLE_IDENTIFIER = com.twttrio.FoodTrackerUITests;
				PRODUCT_NAME = "$(TARGET_NAME)";
				SWIFT_VERSION = 5.0;
				TARGETED_DEVICE_FAMILY = "1,2";
				TEST_TARGET_NAME = FoodTracker;
			};
			name = Debug;
		};
		05393D5125CED9A200DCF0A9 /* Release */ = {
			isa = XCBuildConfiguration;
			buildSettings = {
				ALWAYS_EMBED_SWIFT_STANDARD_LIBRARIES = YES;
				CODE_SIGN_STYLE = Automatic;
				INFOPLIST_FILE = FoodTrackerUITests/Info.plist;
				LD_RUNPATH_SEARCH_PATHS = (
					"$(inherited)",
					"@executable_path/Frameworks",
					"@loader_path/Frameworks",
				);
				PRODUCT_BUNDLE_IDENTIFIER = com.twttrio.FoodTrackerUITests;
				PRODUCT_NAME = "$(TARGET_NAME)";
				SWIFT_VERSION = 5.0;
				TARGETED_DEVICE_FAMILY = "1,2";
				TEST_TARGET_NAME = FoodTracker;
			};
			name = Release;
		};
/* End XCBuildConfiguration section */

/* Begin XCConfigurationList section */
		05393D1A25CED9A100DCF0A9 /* Build configuration list for PBXProject "FoodTracker" */ = {
			isa = XCConfigurationList;
			buildConfigurations = (
				05393D4725CED9A200DCF0A9 /* Debug */,
				05393D4825CED9A200DCF0A9 /* Release */,
			);
			defaultConfigurationIsVisible = 0;
			defaultConfigurationName = Release;
		};
		05393D4925CED9A200DCF0A9 /* Build configuration list for PBXNativeTarget "FoodTracker" */ = {
			isa = XCConfigurationList;
			buildConfigurations = (
				05393D4A25CED9A200DCF0A9 /* Debug */,
				05393D4B25CED9A200DCF0A9 /* Release */,
			);
			defaultConfigurationIsVisible = 0;
			defaultConfigurationName = Release;
		};
		05393D4C25CED9A200DCF0A9 /* Build configuration list for PBXNativeTarget "FoodTrackerTests" */ = {
			isa = XCConfigurationList;
			buildConfigurations = (
				05393D4D25CED9A200DCF0A9 /* Debug */,
				05393D4E25CED9A200DCF0A9 /* Release */,
			);
			defaultConfigurationIsVisible = 0;
			defaultConfigurationName = Release;
		};
		05393D4F25CED9A200DCF0A9 /* Build configuration list for PBXNativeTarget "FoodTrackerUITests" */ = {
			isa = XCConfigurationList;
			buildConfigurations = (
				05393D5025CED9A200DCF0A9 /* Debug */,
				05393D5125CED9A200DCF0A9 /* Release */,
			);
			defaultConfigurationIsVisible = 0;
			defaultConfigurationName = Release;
		};
/* End XCConfigurationList section */
	};
	rootObject = 05393D1725CED9A100DCF0A9 /* Project object */;
}
